
Microsoft Visual Studio Solution File, Format Version 12.00
# Visual Studio Version 16
VisualStudioVersion = 16.0.29326.143
MinimumVisualStudioVersion = 10.0.40219.1
Project("{FAE04EC0-301F-11D3-BF4B-00C04F79EFBC}") = "Tethering", "Tethering.csproj", "{376C59B6-FCE6-4BD0-8EEC-D047613267AB}"
EndProject
Global
	GlobalSection(SolutionConfigurationPlatforms) = preSolution
		Debug|Any CPU = Debug|Any CPU
		Release|Any CPU = Release|Any CPU
	EndGlobalSection
	GlobalSection(ProjectConfigurationPlatforms) = postSolution
		{376C59B6-FCE6-4BD0-8EEC-D047613267AB}.Debug|Any CPU.ActiveCfg = Debug|Any CPU
		{376C59B6-FCE6-4BD0-8EEC-D047613267AB}.Debug|Any CPU.Build.0 = Debug|Any CPU
		{376C59B6-FCE6-4BD0-8EEC-D047613267AB}.Release|Any CPU.ActiveCfg = Release|Any CPU
		{376C59B6-FCE6-4BD0-8EEC-D047613267AB}.Release|Any CPU.Build.0 = Release|Any CPU
	EndGlobalSection
	GlobalSection(SolutionProperties) = preSolution
		HideSolutionNode = FALSE
	EndGlobalSection
	GlobalSection(ExtensibilityGlobals) = postSolution
		SolutionGuid = {90C9C176-45B8-4F0B-AF32-FF262A4D119C}
	EndGlobalSection
EndGlobal
